
Microsoft Visual Studio Solution File, Format Version 12.00
# Visual Studio Version 17
VisualStudioVersion = 17.8.34330.188
MinimumVisualStudioVersion = 10.0.40219.1
Project("{FAE04EC0-301F-11D3-BF4B-00C04F79EFBC}") = "test", "test.csproj", "{270326C6-F7ED-49EC-AD5F-E7326A68014B}"
EndProject
Global
	GlobalSection(SolutionConfigurationPlatforms) = preSolution
		Debug|Any CPU = Debug|Any CPU
		Release|Any CPU = Release|Any CPU
	EndGlobalSection
	GlobalSection(ProjectConfigurationPlatforms) = postSolution
		{270326C6-F7ED-49EC-AD5F-E7326A68014B}.Debug|Any CPU.ActiveCfg = Debug|Any CPU
		{270326C6-F7ED-49EC-AD5F-E7326A68014B}.Debug|Any CPU.Build.0 = Debug|Any CPU
		{270326C6-F7ED-49EC-AD5F-E7326A68014B}.Release|Any CPU.ActiveCfg = Release|Any CPU
		{270326C6-F7ED-49EC-AD5F-E7326A68014B}.Release|Any CPU.Build.0 = Release|Any CPU
	EndGlobalSection
	GlobalSection(SolutionProperties) = preSolution
		HideSolutionNode = FALSE
	EndGlobalSection
	GlobalSection(ExtensibilityGlobals) = postSolution
		SolutionGuid = {0E13C351-A4D1-4A49-BBB6-8302B2E9917E}
	EndGlobalSection
EndGlobal
